
Microsoft Visual Studio Solution File, Format Version 12.00
# Visual Studio Version 17
VisualStudioVersion = 17.9.34728.123
MinimumVisualStudioVersion = 10.0.40219.1
Project("{8BC9CEB8-8B4A-11D0-8D11-00A0C91BC942}") = "Creationa_patterns", "Creationa_patterns\Creationa_patterns.vcxproj", "{FCA6A4B7-33FF-4F41-BFE0-510DA8E38DA6}"
EndProject
Project("{8BC9CEB8-8B4A-11D0-8D11-00A0C91BC942}") = "Sigleton", "Sigleton\Sigleton.vcxproj", "{DDEC8115-1C51-49A1-A7D5-0C2C246CDE4D}"
EndProject
Project("{8BC9CEB8-8B4A-11D0-8D11-00A0C91BC942}") = "Factory", "Factory\Factory.vcxproj", "{EC601DD7-3ECA-4B5E-9141-7A9A3E98B72B}"
EndProject
Project("{8BC9CEB8-8B4A-11D0-8D11-00A0C91BC942}") = "Factory2", "Factory2\Factory2.vcxproj", "{875A57FC-781E-4DE5-A001-517A8F6BF703}"
EndProject
Project("{8BC9CEB8-8B4A-11D0-8D11-00A0C91BC942}") = "Builder", "Builder\Builder.vcxproj", "{4A7AD1E8-FD3F-4792-A456-773CEB882398}"
EndProject
Global
	GlobalSection(SolutionConfigurationPlatforms) = preSolution
		Debug|x64 = Debug|x64
		Debug|x86 = Debug|x86
		Release|x64 = Release|x64
		Release|x86 = Release|x86
	EndGlobalSection
	GlobalSection(ProjectConfigurationPlatforms) = postSolution
		{FCA6A4B7-33FF-4F41-BFE0-510DA8E38DA6}.Debug|x64.ActiveCfg = Debug|x64
		{FCA6A4B7-33FF-4F41-BFE0-510DA8E38DA6}.Debug|x64.Build.0 = Debug|x64
		{FCA6A4B7-33FF-4F41-BFE0-510DA8E38DA6}.Debug|x86.ActiveCfg = Debug|Win32
		{FCA6A4B7-33FF-4F41-BFE0-510DA8E38DA6}.Debug|x86.Build.0 = Debug|Win32
		{FCA6A4B7-33FF-4F41-BFE0-510DA8E38DA6}.Release|x64.ActiveCfg = Release|x64
		{FCA6A4B7-33FF-4F41-BFE0-510DA8E38DA6}.Release|x64.Build.0 = Release|x64
		{FCA6A4B7-33FF-4F41-BFE0-510DA8E38DA6}.Release|x86.ActiveCfg = Release|Win32
		{FCA6A4B7-33FF-4F41-BFE0-510DA8E38DA6}.Release|x86.Build.0 = Release|Win32
		{DDEC8115-1C51-49A1-A7D5-0C2C246CDE4D}.Debug|x64.ActiveCfg = Debug|x64
		{DDEC8115-1C51-49A1-A7D5-0C2C246CDE4D}.Debug|x64.Build.0 = Debug|x64
		{DDEC8115-1C51-49A1-A7D5-0C2C246CDE4D}.Debug|x86.ActiveCfg = Debug|Win32
		{DDEC8115-1C51-49A1-A7D5-0C2C246CDE4D}.Debug|x86.Build.0 = Debug|Win32
		{DDEC8115-1C51-49A1-A7D5-0C2C246CDE4D}.Release|x64.ActiveCfg = Release|x64
		{DDEC8115-1C51-49A1-A7D5-0C2C246CDE4D}.Release|x64.Build.0 = Release|x64
		{DDEC8115-1C51-49A1-A7D5-0C2C246CDE4D}.Release|x86.ActiveCfg = Release|Win32
		{DDEC8115-1C51-49A1-A7D5-0C2C246CDE4D}.Release|x86.Build.0 = Release|Win32
		{EC601DD7-3ECA-4B5E-9141-7A9A3E98B72B}.Debug|x64.ActiveCfg = Debug|x64
		{EC601DD7-3ECA-4B5E-9141-7A9A3E98B72B}.Debug|x64.Build.0 = Debug|x64
		{EC601DD7-3ECA-4B5E-9141-7A9A3E98B72B}.Debug|x86.ActiveCfg = Debug|Win32
		{EC601DD7-3ECA-4B5E-9141-7A9A3E98B72B}.Debug|x86.Build.0 = Debug|Win32
		{EC601DD7-3ECA-4B5E-9141-7A9A3E98B72B}.Release|x64.ActiveCfg = Release|x64
		{EC601DD7-3ECA-4B5E-9141-7A9A3E98B72B}.Release|x64.Build.0 = Release|x64
		{EC601DD7-3ECA-4B5E-9141-7A9A3E98B72B}.Release|x86.ActiveCfg = Release|Win32
		{EC601DD7-3ECA-4B5E-9141-7A9A3E98B72B}.Release|x86.Build.0 = Release|Win32
		{875A57FC-781E-4DE5-A001-517A8F6BF703}.Debug|x64.ActiveCfg = Debug|x64
		{875A57FC-781E-4DE5-A001-517A8F6BF703}.Debug|x64.Build.0 = Debug|x64
		{875A57FC-781E-4DE5-A001-517A8F6BF703}.Debug|x86.ActiveCfg = Debug|Win32
		{875A57FC-781E-4DE5-A001-517A8F6BF703}.Debug|x86.Build.0 = Debug|Win32
		{875A57FC-781E-4DE5-A001-517A8F6BF703}.Release|x64.ActiveCfg = Release|x64
		{875A57FC-781E-4DE5-A001-517A8F6BF703}.Release|x64.Build.0 = Release|x64
		{875A57FC-781E-4DE5-A001-517A8F6BF703}.Release|x86.ActiveCfg = Release|Win32
		{875A57FC-781E-4DE5-A001-517A8F6BF703}.Release|x86.Build.0 = Release|Win32
		{4A7AD1E8-FD3F-4792-A456-773CEB882398}.Debug|x64.ActiveCfg = Debug|x64
		{4A7AD1E8-FD3F-4792-A456-773CEB882398}.Debug|x64.Build.0 = Debug|x64
		{4A7AD1E8-FD3F-4792-A456-773CEB882398}.Debug|x86.ActiveCfg = Debug|Win32
		{4A7AD1E8-FD3F-4792-A456-773CEB882398}.Debug|x86.Build.0 = Debug|Win32
		{4A7AD1E8-FD3F-4792-A456-773CEB882398}.Release|x64.ActiveCfg = Release|x64
		{4A7AD1E8-FD3F-4792-A456-773CEB882398}.Release|x64.Build.0 = Release|x64
		{4A7AD1E8-FD3F-4792-A456-773CEB882398}.Release|x86.ActiveCfg = Release|Win32
		{4A7AD1E8-FD3F-4792-A456-773CEB882398}.Release|x86.Build.0 = Release|Win32
	EndGlobalSection
	GlobalSection(SolutionProperties) = preSolution
		HideSolutionNode = FALSE
	EndGlobalSection
	GlobalSection(ExtensibilityGlobals) = postSolution
		SolutionGuid = {5008A920-08AC-47DE-A092-10A223DAFE50}
	EndGlobalSection
EndGlobal
